<Solution>
  <Folder Name="/src/">
    <Project Path="src/FocusKey.App/FocusKey.App.csproj" />
    <Project Path="src/FocusKey.Foundation/FocusKey.Foundation.csproj" />
  </Folder>
  <Folder Name="/tests/">
    <Project Path="tests/FocusKey.Foundation.Tests/FocusKey.Foundation.Tests.csproj" />
  </Folder>
</Solution>
